
Microsoft Visual Studio Solution File, Format Version 12.00
# Visual Studio 2012
Project("{FAE04EC0-301F-11D3-BF4B-00C04F79EFBC}") = "CardboardBox", "CardboardBox\CardboardBox.csproj", "{AB90B90C-4484-400F-90C7-5F9019153ECE}"
EndProject
Project("{2150E333-8FDC-42A3-9474-1A3956D46DE8}") = "Libraries", "Libraries", "{D64B5C98-8037-4A79-965A-DF0EF69708A1}"
	ProjectSection(SolutionItems) = preProject
		Libraries\libWyvernzora.WindowsPhone.BarlogX.dll = Libraries\libWyvernzora.WindowsPhone.BarlogX.dll
		CardboardBox\Libraries\libWyvernzora.WindowsPhone.dll = CardboardBox\Libraries\libWyvernzora.WindowsPhone.dll
	EndProjectSection
EndProject
Project("{2150E333-8FDC-42A3-9474-1A3956D46DE8}") = "Assets", "Assets", "{6ABF13D4-EA2C-4B48-AC42-41C01E86EF19}"
	ProjectSection(SolutionItems) = preProject
		Assets\application-banner.psd = Assets\application-banner.psd
		Assets\application-tile.psd = Assets\application-tile.psd
		Assets\banner-dark.png = Assets\banner-dark.png
		Assets\banner-light.png = Assets\banner-light.png
		Assets\search-action.png = Assets\search-action.png
	EndProjectSection
EndProject
Global
	GlobalSection(SolutionConfigurationPlatforms) = preSolution
		Debug|Any CPU = Debug|Any CPU
		Release|Any CPU = Release|Any CPU
	EndGlobalSection
	GlobalSection(ProjectConfigurationPlatforms) = postSolution
		{AB90B90C-4484-400F-90C7-5F9019153ECE}.Debug|Any CPU.ActiveCfg = Debug|Any CPU
		{AB90B90C-4484-400F-90C7-5F9019153ECE}.Debug|Any CPU.Build.0 = Debug|Any CPU
		{AB90B90C-4484-400F-90C7-5F9019153ECE}.Debug|Any CPU.Deploy.0 = Debug|Any CPU
		{AB90B90C-4484-400F-90C7-5F9019153ECE}.Release|Any CPU.ActiveCfg = Release|Any CPU
		{AB90B90C-4484-400F-90C7-5F9019153ECE}.Release|Any CPU.Build.0 = Release|Any CPU
		{AB90B90C-4484-400F-90C7-5F9019153ECE}.Release|Any CPU.Deploy.0 = Release|Any CPU
	EndGlobalSection
	GlobalSection(SolutionProperties) = preSolution
		HideSolutionNode = FALSE
	EndGlobalSection
EndGlobal
